
Microsoft Visual Studio Solution File, Format Version 12.00
# Visual Studio Version 17
VisualStudioVersion = 17.2.32630.192
MinimumVisualStudioVersion = 10.0.40219.1
Project("{FAE04EC0-301F-11D3-BF4B-00C04F79EFBC}") = "zad1", "zad1\zad1.csproj", "{3424B7AD-0A93-4348-B6F4-24F029310764}"
EndProject
Global
	GlobalSection(SolutionConfigurationPlatforms) = preSolution
		Debug|Any CPU = Debug|Any CPU
		Release|Any CPU = Release|Any CPU
	EndGlobalSection
	GlobalSection(ProjectConfigurationPlatforms) = postSolution
		{3424B7AD-0A93-4348-B6F4-24F029310764}.Debug|Any CPU.ActiveCfg = Debug|Any CPU
		{3424B7AD-0A93-4348-B6F4-24F029310764}.Debug|Any CPU.Build.0 = Debug|Any CPU
		{3424B7AD-0A93-4348-B6F4-24F029310764}.Release|Any CPU.ActiveCfg = Release|Any CPU
		{3424B7AD-0A93-4348-B6F4-24F029310764}.Release|Any CPU.Build.0 = Release|Any CPU
	EndGlobalSection
	GlobalSection(SolutionProperties) = preSolution
		HideSolutionNode = FALSE
	EndGlobalSection
	GlobalSection(ExtensibilityGlobals) = postSolution
		SolutionGuid = {A5212DEF-649A-4DF0-A01F-2A2AA90D9565}
	EndGlobalSection
EndGlobal
